<?xml version="1.0" encoding="utf-8"?>
<Project ToolsVersion="4.0" xmlns="http://schemas.microsoft.com/developer/msbuild/2003">
  <ItemGroup>
    <Filter Include="Source Files">
      <UniqueIdentifier>{4FC737F1-C7A5-4376-A066-2A32D752A2FF}</UniqueIdentifier>
      <Extensions>cpp;c;cc;cxx;def;odl;idl;hpj;bat;asm;asmx</Extensions>
    </Filter>
    <Filter Include="Header Files">
      <UniqueIdentifier>{93995380-89BD-4b04-88EB-625FBE52EBFB}</UniqueIdentifier>
      <Extensions>h;hh;hpp;hxx;hm;inl;inc;xsd</Extensions>
    </Filter>
    <Filter Include="Resource Files">
      <UniqueIdentifier>{67DA6AB6-F800-4c08-8B7A-83BB121AAD01}</UniqueIdentifier>
      <Extensions>rc;ico;cur;bmp;dlg;rc2;rct;bin;rgs;gif;jpg;jpeg;jpe;resx;tiff;tif;png;wav;mfcribbon-ms</Extensions>
    </Filter>
  </ItemGroup>
  <ItemGroup>
    <ClCompile Include="winmain.cpp">
      <Filter>Source Files</Filter>
    </ClCompile>
    <ClCompile Include="dxgraphics.cpp">
      <Filter>Source Files</Filter>
    </ClCompile>
    <ClCompile Include="game.cpp">
      <Filter>Source Files</Filter>
    </ClCompile>
    <ClCompile Include="GameTime.cpp">
      <Filter>Source Files</Filter>
    </ClCompile>
    <ClCompile Include="sprite.cpp">
      <Filter>Source Files</Filter>
    </ClCompile>
    <ClCompile Include="dxinput.cpp">
      <Filter>Source Files</Filter>
    </ClCompile>
    <ClCompile Include="AABB.cpp">
      <Filter>Source Files</Filter>
    </ClCompile>
    <ClCompile Include="GameManager.cpp">
      <Filter>Source Files</Filter>
    </ClCompile>
    <ClCompile Include="Scene1.cpp">
      <Filter>Source Files</Filter>
    </ClCompile>
    <ClCompile Include="dxaudio.cpp">
      <Filter>Source Files</Filter>
    </ClCompile>
    <ClCompile Include="trace.cpp">
      <Filter>Source Files</Filter>
    </ClCompile>
    <ClCompile Include="Aladdin.cpp">
      <Filter>Source Files</Filter>
    </ClCompile>
    <ClCompile Include="State.cpp">
      <Filter>Source Files</Filter>
    </ClCompile>
    <ClCompile Include="StateManager.cpp">
      <Filter>Source Files</Filter>
    </ClCompile>
    <ClCompile Include="Quadtree.cpp">
      <Filter>Source Files</Filter>
    </ClCompile>
    <ClCompile Include="Camera.cpp">
      <Filter>Source Files</Filter>
    </ClCompile>
    <ClCompile Include="ApplePrefab.cpp">
      <Filter>Source Files</Filter>
    </ClCompile>
    <ClCompile Include="GameObject.cpp">
      <Filter>Source Files</Filter>
    </ClCompile>
    <ClCompile Include="EnemyFatPrefab.cpp">
      <Filter>Source Files</Filter>
    </ClCompile>
    <ClCompile Include="GameObjectMove.cpp">
      <Filter>Source Files</Filter>
    </ClCompile>
    <ClCompile Include="EnemyThinPrefab.cpp">
      <Filter>Source Files</Filter>
    </ClCompile>
    <ClCompile Include="EnemyMusPrefab.cpp">
      <Filter>Source Files</Filter>
    </ClCompile>
    <ClCompile Include="EnemyJarPrefab.cpp">
      <Filter>Source Files</Filter>
    </ClCompile>
    <ClCompile Include="EnemyJugPrefab.cpp">
      <Filter>Source Files</Filter>
    </ClCompile>
    <ClCompile Include="CamelPrefab.cpp">
      <Filter>Source Files</Filter>
    </ClCompile>
    <ClCompile Include="FloatGroundPrefab.cpp">
      <Filter>Source Files</Filter>
    </ClCompile>
    <ClCompile Include="SpringBoardPrefab.cpp">
      <Filter>Source Files</Filter>
    </ClCompile>
    <ClCompile Include="RopePrefab.cpp">
      <Filter>Source Files</Filter>
    </ClCompile>
    <ClCompile Include="GroundPrefab.cpp">
      <Filter>Source Files</Filter>
    </ClCompile>
    <ClCompile Include="WallPrefab.cpp">
      <Filter>Source Files</Filter>
    </ClCompile>
    <ClCompile Include="HorizontalBarPrefab.cpp">
      <Filter>Source Files</Filter>
    </ClCompile>
    <ClCompile Include="BulletPrefab.cpp">
      <Filter>Source Files</Filter>
    </ClCompile>
    <ClCompile Include="ExplosionPrefab.cpp">
      <Filter>Source Files</Filter>
    </ClCompile>
    <ClCompile Include="TriggerPrefab.cpp">
      <Filter>Source Files</Filter>
    </ClCompile>
    <ClCompile Include="ShopperPrefab.cpp">
      <Filter>Source Files</Filter>
    </ClCompile>
    <ClCompile Include="EnemyHandPrefab.cpp">
      <Filter>Source Files</Filter>
    </ClCompile>
    <ClCompile Include="FireGroundPrefab.cpp">
      <Filter>Source Files</Filter>
    </ClCompile>
    <ClCompile Include="StairsPrefab.cpp">
      <Filter>Source Files</Filter>
    </ClCompile>
    <ClCompile Include="BurningEffectPrefab.cpp">
      <Filter>Source Files</Filter>
    </ClCompile>
    <ClCompile Include="PotPrefab.cpp">
      <Filter>Source Files</Filter>
    </ClCompile>
    <ClCompile Include="Pot.cpp">
      <Filter>Source Files</Filter>
    </ClCompile>
    <ClCompile Include="Scene2.cpp">
      <Filter>Source Files</Filter>
    </ClCompile>
    <ClCompile Include="JafarPrefab.cpp">
      <Filter>Source Files</Filter>
    </ClCompile>
    <ClCompile Include="StarBulletPrefab.cpp">
      <Filter>Source Files</Filter>
    </ClCompile>
    <ClCompile Include="FireBulletPrefab.cpp">
      <Filter>Source Files</Filter>
    </ClCompile>
    <ClCompile Include="AbuFacePrefab.cpp">
      <Filter>Source Files</Filter>
    </ClCompile>
    <ClCompile Include="GenieFacePrefab.cpp">
      <Filter>Source Files</Filter>
    </ClCompile>
    <ClCompile Include="DiamondPrefab.cpp">
      <Filter>Source Files</Filter>
    </ClCompile>
    <ClCompile Include="HeartPrefab.cpp">
      <Filter>Source Files</Filter>
    </ClCompile>
    <ClCompile Include="SceneHome.cpp">
      <Filter>Source Files</Filter>
    </ClCompile>
    <ClCompile Include="GenieLampPrefab.cpp">
      <Filter>Source Files</Filter>
    </ClCompile>
    <ClCompile Include="CheckpointJarPrefab.cpp">
      <Filter>Source Files</Filter>
    </ClCompile>
    <ClCompile Include="UIScene.cpp">
      <Filter>Source Files</Filter>
    </ClCompile>
    <ClCompile Include="StarBullet.cpp">
      <Filter>Source Files</Filter>
    </ClCompile>
    <ClCompile Include="AbuPrefab.cpp">
      <Filter>Source Files</Filter>
    </ClCompile>
    <ClCompile Include="Scene1BackGround.cpp">
      <Filter>Source Files</Filter>
    </ClCompile>
    <ClCompile Include="ShopperTextPrefab.cpp">
      <Filter>Source Files</Filter>
    </ClCompile>
    <ClCompile Include="CeilingPrefab.cpp">
      <Filter>Source Files</Filter>
    </ClCompile>
  </ItemGroup>
  <ItemGroup>
    <ClInclude Include="dxgraphics.h">
      <Filter>Header Files</Filter>
    </ClInclude>
    <ClInclude Include="game.h">
      <Filter>Header Files</Filter>
    </ClInclude>
    <ClInclude Include="GameTime.h">
      <Filter>Header Files</Filter>
    </ClInclude>
    <ClInclude Include="sprite.h">
      <Filter>Header Files</Filter>
    </ClInclude>
    <ClInclude Include="dxinput.h">
      <Filter>Header Files</Filter>
    </ClInclude>
    <ClInclude Include="AABB.h">
      <Filter>Header Files</Filter>
    </ClInclude>
    <ClInclude Include="GameObject.h">
      <Filter>Header Files</Filter>
    </ClInclude>
    <ClInclude Include="GameManager.h">
      <Filter>Header Files</Filter>
    </ClInclude>
    <ClInclude Include="Scene1.h">
      <Filter>Header Files</Filter>
    </ClInclude>
    <ClInclude Include="dxaudio.h">
      <Filter>Header Files</Filter>
    </ClInclude>
    <ClInclude Include="trace.h">
      <Filter>Header Files</Filter>
    </ClInclude>
    <ClInclude Include="Aladdin.h">
      <Filter>Header Files</Filter>
    </ClInclude>
    <ClInclude Include="State.h">
      <Filter>Header Files</Filter>
    </ClInclude>
    <ClInclude Include="StateManager.h">
      <Filter>Header Files</Filter>
    </ClInclude>
    <ClInclude Include="Quadtree.h">
      <Filter>Header Files</Filter>
    </ClInclude>
    <ClInclude Include="Camera.h">
      <Filter>Header Files</Filter>
    </ClInclude>
    <ClInclude Include="ApplePrefab.h">
      <Filter>Header Files</Filter>
    </ClInclude>
    <ClInclude Include="EnemyFatPrefab.h">
      <Filter>Header Files</Filter>
    </ClInclude>
    <ClInclude Include="GameObjectMove.h">
      <Filter>Header Files</Filter>
    </ClInclude>
    <ClInclude Include="EnemyThinPrefab.h">
      <Filter>Header Files</Filter>
    </ClInclude>
    <ClInclude Include="EnemyMusPrefab.h">
      <Filter>Header Files</Filter>
    </ClInclude>
    <ClInclude Include="EnemyJarPrefab.h">
      <Filter>Header Files</Filter>
    </ClInclude>
    <ClInclude Include="EnemyJugPrefab.h">
      <Filter>Header Files</Filter>
    </ClInclude>
    <ClInclude Include="CamelPrefab.h">
      <Filter>Header Files</Filter>
    </ClInclude>
    <ClInclude Include="FloatGroundPrefab.h">
      <Filter>Header Files</Filter>
    </ClInclude>
    <ClInclude Include="SpringBoardPrefab.h">
      <Filter>Header Files</Filter>
    </ClInclude>
    <ClInclude Include="RopePrefab.h">
      <Filter>Header Files</Filter>
    </ClInclude>
    <ClInclude Include="GroundPrefab.h">
      <Filter>Header Files</Filter>
    </ClInclude>
    <ClInclude Include="WallPrefab.h">
      <Filter>Header Files</Filter>
    </ClInclude>
    <ClInclude Include="HorizontalBarPrefab.h">
      <Filter>Header Files</Filter>
    </ClInclude>
    <ClInclude Include="BulletPrefab.h">
      <Filter>Header Files</Filter>
    </ClInclude>
    <ClInclude Include="ExplosionPrefab.h">
      <Filter>Header Files</Filter>
    </ClInclude>
    <ClInclude Include="TriggerPrefab.h">
      <Filter>Header Files</Filter>
    </ClInclude>
    <ClInclude Include="EnemyHandPrefab.h">
      <Filter>Header Files</Filter>
    </ClInclude>
    <ClInclude Include="FireGroundPrefab.h">
      <Filter>Header Files</Filter>
    </ClInclude>
    <ClInclude Include="ShopperPrefab.h">
      <Filter>Header Files</Filter>
    </ClInclude>
    <ClInclude Include="StairsPrefab.h">
      <Filter>Header Files</Filter>
    </ClInclude>
    <ClInclude Include="BurningEffectPrefab.h">
      <Filter>Header Files</Filter>
    </ClInclude>
    <ClInclude Include="PotPrefab.h">
      <Filter>Header Files</Filter>
    </ClInclude>
    <ClInclude Include="Pot.h">
      <Filter>Header Files</Filter>
    </ClInclude>
    <ClInclude Include="Scene2.h">
      <Filter>Header Files</Filter>
    </ClInclude>
    <ClInclude Include="JafarPrefab.h">
      <Filter>Header Files</Filter>
    </ClInclude>
    <ClInclude Include="UIScene.h">
      <Filter>Header Files</Filter>
    </ClInclude>
    <ClInclude Include="StarBulletPrefab.h">
      <Filter>Header Files</Filter>
    </ClInclude>
    <ClInclude Include="FireBulletPrefab.h">
      <Filter>Header Files</Filter>
    </ClInclude>
    <ClInclude Include="SceneHome.h">
      <Filter>Header Files</Filter>
    </ClInclude>
    <ClInclude Include="CheckpointJarPrefab.h">
      <Filter>Header Files</Filter>
    </ClInclude>
    <ClInclude Include="GenieLampPrefab.h">
      <Filter>Header Files</Filter>
    </ClInclude>
    <ClInclude Include="StarBullet.h">
      <Filter>Header Files</Filter>
    </ClInclude>
    <ClInclude Include="AbuPrefab.h">
      <Filter>Header Files</Filter>
    </ClInclude>
    <ClInclude Include="Scene1BackGround.h">
      <Filter>Source Files</Filter>
    </ClInclude>
    <ClInclude Include="ShopperTextPrefab.h">
      <Filter>Header Files</Filter>
    </ClInclude>
    <ClInclude Include="CeilingPrefab.h">
      <Filter>Header Files</Filter>
    </ClInclude>
  </ItemGroup>
  <ItemGroup>
    <None Include="packages.config" />
  </ItemGroup>
</Project>